
Microsoft Visual Studio Solution File, Format Version 12.00
# Visual Studio 15
VisualStudioVersion = 15.0.28010.2046
MinimumVisualStudioVersion = 10.0.40219.1
Project("{9A19103F-16F7-4668-BE54-9A1E7A4F7556}") = "NugetXray", "src\NugetXray\NugetXray.csproj", "{2788ECF6-E246-4061-BF48-6C472194B32C}"
EndProject
Project("{9A19103F-16F7-4668-BE54-9A1E7A4F7556}") = "NugetXray.Tests", "src\NugetXray.Tests\NugetXray.Tests.csproj", "{4D896F04-4E7E-4B5E-AA66-1E9F270A540C}"
EndProject
Global
	GlobalSection(SolutionConfigurationPlatforms) = preSolution
		Debug|Any CPU = Debug|Any CPU
		Release|Any CPU = Release|Any CPU
	EndGlobalSection
	GlobalSection(ProjectConfigurationPlatforms) = postSolution
		{2788ECF6-E246-4061-BF48-6C472194B32C}.Debug|Any CPU.ActiveCfg = Debug|Any CPU
		{2788ECF6-E246-4061-BF48-6C472194B32C}.Debug|Any CPU.Build.0 = Debug|Any CPU
		{2788ECF6-E246-4061-BF48-6C472194B32C}.Release|Any CPU.ActiveCfg = Release|Any CPU
		{2788ECF6-E246-4061-BF48-6C472194B32C}.Release|Any CPU.Build.0 = Release|Any CPU
		{4D896F04-4E7E-4B5E-AA66-1E9F270A540C}.Debug|Any CPU.ActiveCfg = Debug|Any CPU
		{4D896F04-4E7E-4B5E-AA66-1E9F270A540C}.Debug|Any CPU.Build.0 = Debug|Any CPU
		{4D896F04-4E7E-4B5E-AA66-1E9F270A540C}.Release|Any CPU.ActiveCfg = Release|Any CPU
		{4D896F04-4E7E-4B5E-AA66-1E9F270A540C}.Release|Any CPU.Build.0 = Release|Any CPU
	EndGlobalSection
	GlobalSection(SolutionProperties) = preSolution
		HideSolutionNode = FALSE
	EndGlobalSection
	GlobalSection(ExtensibilityGlobals) = postSolution
		SolutionGuid = {04259947-2D2E-4E34-B6D8-B054AF1C30CD}
	EndGlobalSection
EndGlobal
