
Microsoft Visual Studio Solution File, Format Version 12.00
# Visual Studio 14
VisualStudioVersion = 14.0.25420.1
MinimumVisualStudioVersion = 10.0.40219.1
Project("{2150E333-8FDC-42A3-9474-1A3956D46DE8}") = "src", "src", "{8CD3A91A-63F8-49D1-A6D9-3AC6526D473B}"
EndProject
Project("{2150E333-8FDC-42A3-9474-1A3956D46DE8}") = "Solution Items", "Solution Items", "{A8A28892-26C9-4927-AD00-ECAB4F25B744}"
	ProjectSection(SolutionItems) = preProject
		global.json = global.json
	EndProjectSection
EndProject
Project("{8BB2217D-0F2D-49D1-97BC-3654ED321F3B}") = "NugetXray", "src\NugetXray\NugetXray.xproj", "{C7689B4D-555B-45E1-A1AC-8444AA542A67}"
EndProject
Project("{8BB2217D-0F2D-49D1-97BC-3654ED321F3B}") = "NugetXray.Tests", "src\NugetXray.Tests\NugetXray.Tests.xproj", "{2ECDB102-6997-4961-AAED-2BEEEAA2BE5F}"
EndProject
Global
	GlobalSection(SolutionConfigurationPlatforms) = preSolution
		Debug|Any CPU = Debug|Any CPU
		Release|Any CPU = Release|Any CPU
	EndGlobalSection
	GlobalSection(ProjectConfigurationPlatforms) = postSolution
		{C7689B4D-555B-45E1-A1AC-8444AA542A67}.Debug|Any CPU.ActiveCfg = Debug|Any CPU
		{C7689B4D-555B-45E1-A1AC-8444AA542A67}.Debug|Any CPU.Build.0 = Debug|Any CPU
		{C7689B4D-555B-45E1-A1AC-8444AA542A67}.Release|Any CPU.ActiveCfg = Release|Any CPU
		{C7689B4D-555B-45E1-A1AC-8444AA542A67}.Release|Any CPU.Build.0 = Release|Any CPU
		{2ECDB102-6997-4961-AAED-2BEEEAA2BE5F}.Debug|Any CPU.ActiveCfg = Debug|Any CPU
		{2ECDB102-6997-4961-AAED-2BEEEAA2BE5F}.Debug|Any CPU.Build.0 = Debug|Any CPU
		{2ECDB102-6997-4961-AAED-2BEEEAA2BE5F}.Release|Any CPU.ActiveCfg = Release|Any CPU
		{2ECDB102-6997-4961-AAED-2BEEEAA2BE5F}.Release|Any CPU.Build.0 = Release|Any CPU
	EndGlobalSection
	GlobalSection(SolutionProperties) = preSolution
		HideSolutionNode = FALSE
	EndGlobalSection
	GlobalSection(NestedProjects) = preSolution
		{C7689B4D-555B-45E1-A1AC-8444AA542A67} = {8CD3A91A-63F8-49D1-A6D9-3AC6526D473B}
		{2ECDB102-6997-4961-AAED-2BEEEAA2BE5F} = {8CD3A91A-63F8-49D1-A6D9-3AC6526D473B}
	EndGlobalSection
EndGlobal
